// !$*UTF8*$!
{
	archiveVersion = 1;
	classes = {
	};
	objectVersion = 45;
	objects = {

/* Begin PBXBuildFile section */
		1D4A0FAC0F3E793000F61A30 /* Errors.h in Headers */ = {isa = PBXBuildFile; fileRef = 1D4A0FA90F3E793000F61A30 /* Errors.h */; };
		1D4A0FAD0F3E793000F61A30 /* Errors.m in Sources */ = {isa = PBXBuildFile; fileRef = 1D4A0FAA0F3E793000F61A30 /* Errors.m */; };
		1D4A106D0F3E8AEF00F61A30 /* CreditCard.h in Headers */ = {isa = PBXBuildFile; fileRef = 1D4A106B0F3E8AEF00F61A30 /* CreditCard.h */; };
		1D4A106E0F3E8AEF00F61A30 /* CreditCard.m in Sources */ = {isa = PBXBuildFile; fileRef = 1D4A106C0F3E8AEF00F61A30 /* CreditCard.m */; };
		1D4A10F70F3EB1BD00F61A30 /* CreditCardMethods.h in Headers */ = {isa = PBXBuildFile; fileRef = 1D4A10F50F3EB1BD00F61A30 /* CreditCardMethods.h */; };
		1D4A10F80F3EB1BD00F61A30 /* CreditCardMethods.m in Sources */ = {isa = PBXBuildFile; fileRef = 1D4A10F60F3EB1BD00F61A30 /* CreditCardMethods.m */; };
		1D88195D0F3E5E0200E607CD /* Base.h in Headers */ = {isa = PBXBuildFile; fileRef = 1D88195B0F3E5E0200E607CD /* Base.h */; };
		1D88195E0F3E5E0200E607CD /* Base.m in Sources */ = {isa = PBXBuildFile; fileRef = 1D88195C0F3E5E0200E607CD /* Base.m */; };
		1D8819630F3E62C800E607CD /* Check.h in Headers */ = {isa = PBXBuildFile; fileRef = 1D8819610F3E62C800E607CD /* Check.h */; };
		1D8819640F3E62C800E607CD /* Check.m in Sources */ = {isa = PBXBuildFile; fileRef = 1D8819620F3E62C800E607CD /* Check.m */; };
		1D9060BE0F3F7F2C00C211A1 /* PostsData.h in Headers */ = {isa = PBXBuildFile; fileRef = 1D9060BC0F3F7F2C00C211A1 /* PostsData.h */; };
		1D9060C10F3F7F4C00C211A1 /* PostsData_Implementation.h in Headers */ = {isa = PBXBuildFile; fileRef = 1D9060C00F3F7F4C00C211A1 /* PostsData_Implementation.h */; };
		1D976B7F0F3EBCD900E77C6D /* ExpiryDate.h in Headers */ = {isa = PBXBuildFile; fileRef = 1D976B7D0F3EBCD900E77C6D /* ExpiryDate.h */; };
		1D976B800F3EBCD900E77C6D /* ExpiryDate.m in Sources */ = {isa = PBXBuildFile; fileRef = 1D976B7E0F3EBCD900E77C6D /* ExpiryDate.m */; };
		1D976C320F3ECA0700E77C6D /* libicucore.dylib in Frameworks */ = {isa = PBXBuildFile; fileRef = 1D976C310F3ECA0700E77C6D /* libicucore.dylib */; };
		1D976C360F3ECB5B00E77C6D /* CvvResult.h in Headers */ = {isa = PBXBuildFile; fileRef = 1D976C340F3ECB5B00E77C6D /* CvvResult.h */; };
		1D976C370F3ECB5B00E77C6D /* CvvResult.m in Sources */ = {isa = PBXBuildFile; fileRef = 1D976C350F3ECB5B00E77C6D /* CvvResult.m */; };
		1D976CE50F3ED10E00E77C6D /* Gateway.h in Headers */ = {isa = PBXBuildFile; fileRef = 1D976CE30F3ED10E00E77C6D /* Gateway.h */; };
		1D976CE60F3ED10E00E77C6D /* Gateway.m in Sources */ = {isa = PBXBuildFile; fileRef = 1D976CE40F3ED10E00E77C6D /* Gateway.m */; };
		1D976EB20F3F5DF600E77C6D /* NSArrayAdditions.h in Headers */ = {isa = PBXBuildFile; fileRef = 1D976EA30F3F5DF600E77C6D /* NSArrayAdditions.h */; };
		1D976EB30F3F5DF600E77C6D /* NSArrayAdditions.m in Sources */ = {isa = PBXBuildFile; fileRef = 1D976EA40F3F5DF600E77C6D /* NSArrayAdditions.m */; };
		1D976EB40F3F5DF600E77C6D /* NSStringAdditions.h in Headers */ = {isa = PBXBuildFile; fileRef = 1D976EA50F3F5DF600E77C6D /* NSStringAdditions.h */; };
		1D976EB50F3F5DF600E77C6D /* NSStringAdditions.m in Sources */ = {isa = PBXBuildFile; fileRef = 1D976EA60F3F5DF600E77C6D /* NSStringAdditions.m */; };
		1D976EB60F3F5DF600E77C6D /* RequiresParameters.h in Headers */ = {isa = PBXBuildFile; fileRef = 1D976EA80F3F5DF600E77C6D /* RequiresParameters.h */; };
		1D976EB70F3F5DF600E77C6D /* RequiresParameters_Implementation.h in Headers */ = {isa = PBXBuildFile; fileRef = 1D976EA90F3F5DF600E77C6D /* RequiresParameters_Implementation.h */; };
		1D976EB80F3F5DF600E77C6D /* Validatable.h in Headers */ = {isa = PBXBuildFile; fileRef = 1D976EAA0F3F5DF600E77C6D /* Validatable.h */; };
		1D976EB90F3F5DF600E77C6D /* Validatable_Definitions.h in Headers */ = {isa = PBXBuildFile; fileRef = 1D976EAB0F3F5DF600E77C6D /* Validatable_Definitions.h */; };
		1D976EBA0F3F5DF600E77C6D /* Validatable_Implementation.h in Headers */ = {isa = PBXBuildFile; fileRef = 1D976EAC0F3F5DF600E77C6D /* Validatable_Implementation.h */; };
		1D976EBB0F3F5DF600E77C6D /* RegexKitLite.h in Headers */ = {isa = PBXBuildFile; fileRef = 1D976EAE0F3F5DF600E77C6D /* RegexKitLite.h */; };
		1D976EBC0F3F5DF600E77C6D /* RegexKitLite.m in Sources */ = {isa = PBXBuildFile; fileRef = 1D976EAF0F3F5DF600E77C6D /* RegexKitLite.m */; };
		1D976EBD0F3F5DF600E77C6D /* VarArgsHelper.h in Headers */ = {isa = PBXBuildFile; fileRef = 1D976EB00F3F5DF600E77C6D /* VarArgsHelper.h */; };
		1D976EBE0F3F5DF600E77C6D /* VarArgsHelper.m in Sources */ = {isa = PBXBuildFile; fileRef = 1D976EB10F3F5DF600E77C6D /* VarArgsHelper.m */; };
		1D976ECB0F3F642300E77C6D /* CreditCardFormatting.h in Headers */ = {isa = PBXBuildFile; fileRef = 1D976EC90F3F642300E77C6D /* CreditCardFormatting.h */; };
		1D976ECE0F3F645600E77C6D /* CreditCardFormatting_Implementation.h in Headers */ = {isa = PBXBuildFile; fileRef = 1D976ECD0F3F645600E77C6D /* CreditCardFormatting_Implementation.h */; };
		1D976EEC0F3F6B3900E77C6D /* Utils.h in Headers */ = {isa = PBXBuildFile; fileRef = 1D976EEA0F3F6B3900E77C6D /* Utils.h */; };
		1D976EED0F3F6B3900E77C6D /* Utils_Implementation.h in Headers */ = {isa = PBXBuildFile; fileRef = 1D976EEB0F3F6B3900E77C6D /* Utils_Implementation.h */; };
		1D976F040F3F75A800E77C6D /* NSDataAdditions.h in Headers */ = {isa = PBXBuildFile; fileRef = 1D976F020F3F75A800E77C6D /* NSDataAdditions.h */; };
		1D976F050F3F75A800E77C6D /* NSDataAdditions.m in Sources */ = {isa = PBXBuildFile; fileRef = 1D976F030F3F75A800E77C6D /* NSDataAdditions.m */; };
		1DEBCC400F3E330E00AA742F /* MyFirstTest.m in Sources */ = {isa = PBXBuildFile; fileRef = 1DEBCC3F0F3E330E00AA742F /* MyFirstTest.m */; };
		1DEBCCE80F3E40ED00AA742F /* AvsResult.h in Headers */ = {isa = PBXBuildFile; fileRef = 1DEBCCE60F3E40ED00AA742F /* AvsResult.h */; };
		1DEBCCE90F3E40ED00AA742F /* AvsResult.m in Sources */ = {isa = PBXBuildFile; fileRef = 1DEBCCE70F3E40ED00AA742F /* AvsResult.m */; };
		8DC2EF530486A6940098B216 /* InfoPlist.strings in Resources */ = {isa = PBXBuildFile; fileRef = 089C1666FE841158C02AAC07 /* InfoPlist.strings */; };
		8DC2EF570486A6940098B216 /* Cocoa.framework in Frameworks */ = {isa = PBXBuildFile; fileRef = 1058C7B1FEA5585E11CA2CBB /* Cocoa.framework */; };
/* End PBXBuildFile section */

/* Begin PBXContainerItemProxy section */
		1DEBCC3A0F3E32FB00AA742F /* PBXContainerItemProxy */ = {
			isa = PBXContainerItemProxy;
			containerPortal = 0867D690FE84028FC02AAC07 /* Project object */;
			proxyType = 1;
			remoteGlobalIDString = 8DC2EF4F0486A6940098B216;
			remoteInfo = objective_merchant;
		};
/* End PBXContainerItemProxy section */

/* Begin PBXFileReference section */
		0867D69BFE84028FC02AAC07 /* Foundation.framework */ = {isa = PBXFileReference; lastKnownFileType = wrapper.framework; name = Foundation.framework; path = /System/Library/Frameworks/Foundation.framework; sourceTree = "<absolute>"; };
		0867D6A5FE840307C02AAC07 /* AppKit.framework */ = {isa = PBXFileReference; lastKnownFileType = wrapper.framework; name = AppKit.framework; path = /System/Library/Frameworks/AppKit.framework; sourceTree = "<absolute>"; };
		089C1667FE841158C02AAC07 /* English */ = {isa = PBXFileReference; fileEncoding = 10; lastKnownFileType = text.plist.strings; name = English; path = English.lproj/InfoPlist.strings; sourceTree = "<group>"; };
		1058C7B1FEA5585E11CA2CBB /* Cocoa.framework */ = {isa = PBXFileReference; lastKnownFileType = wrapper.framework; name = Cocoa.framework; path = /System/Library/Frameworks/Cocoa.framework; sourceTree = "<absolute>"; };
		1D4A0FA90F3E793000F61A30 /* Errors.h */ = {isa = PBXFileReference; fileEncoding = 4; lastKnownFileType = sourcecode.c.h; path = Errors.h; sourceTree = "<group>"; };
		1D4A0FAA0F3E793000F61A30 /* Errors.m */ = {isa = PBXFileReference; fileEncoding = 4; lastKnownFileType = sourcecode.c.objc; path = Errors.m; sourceTree = "<group>"; };
		1D4A106B0F3E8AEF00F61A30 /* CreditCard.h */ = {isa = PBXFileReference; fileEncoding = 4; lastKnownFileType = sourcecode.c.h; path = CreditCard.h; sourceTree = "<group>"; };
		1D4A106C0F3E8AEF00F61A30 /* CreditCard.m */ = {isa = PBXFileReference; fileEncoding = 4; lastKnownFileType = sourcecode.c.objc; path = CreditCard.m; sourceTree = "<group>"; };
		1D4A10F50F3EB1BD00F61A30 /* CreditCardMethods.h */ = {isa = PBXFileReference; fileEncoding = 4; lastKnownFileType = sourcecode.c.h; path = CreditCardMethods.h; sourceTree = "<group>"; };
		1D4A10F60F3EB1BD00F61A30 /* CreditCardMethods.m */ = {isa = PBXFileReference; fileEncoding = 4; lastKnownFileType = sourcecode.c.objc; path = CreditCardMethods.m; sourceTree = "<group>"; };
		1D88195B0F3E5E0200E607CD /* Base.h */ = {isa = PBXFileReference; fileEncoding = 4; lastKnownFileType = sourcecode.c.h; path = Base.h; sourceTree = "<group>"; };
		1D88195C0F3E5E0200E607CD /* Base.m */ = {isa = PBXFileReference; fileEncoding = 4; lastKnownFileType = sourcecode.c.objc; path = Base.m; sourceTree = "<group>"; };
		1D8819610F3E62C800E607CD /* Check.h */ = {isa = PBXFileReference; fileEncoding = 4; lastKnownFileType = sourcecode.c.h; path = Check.h; sourceTree = "<group>"; };
		1D8819620F3E62C800E607CD /* Check.m */ = {isa = PBXFileReference; fileEncoding = 4; lastKnownFileType = sourcecode.c.objc; path = Check.m; sourceTree = "<group>"; };
		1D9060BC0F3F7F2C00C211A1 /* PostsData.h */ = {isa = PBXFileReference; fileEncoding = 4; lastKnownFileType = sourcecode.c.h; path = PostsData.h; sourceTree = "<group>"; };
		1D9060C00F3F7F4C00C211A1 /* PostsData_Implementation.h */ = {isa = PBXFileReference; fileEncoding = 4; lastKnownFileType = sourcecode.c.h; path = PostsData_Implementation.h; sourceTree = "<group>"; };
		1D976B7D0F3EBCD900E77C6D /* ExpiryDate.h */ = {isa = PBXFileReference; fileEncoding = 4; lastKnownFileType = sourcecode.c.h; path = ExpiryDate.h; sourceTree = "<group>"; };
		1D976B7E0F3EBCD900E77C6D /* ExpiryDate.m */ = {isa = PBXFileReference; fileEncoding = 4; lastKnownFileType = sourcecode.c.objc; path = ExpiryDate.m; sourceTree = "<group>"; };
		1D976C310F3ECA0700E77C6D /* libicucore.dylib */ = {isa = PBXFileReference; lastKnownFileType = "compiled.mach-o.dylib"; name = libicucore.dylib; path = /usr/lib/libicucore.dylib; sourceTree = "<absolute>"; };
		1D976C340F3ECB5B00E77C6D /* CvvResult.h */ = {isa = PBXFileReference; fileEncoding = 4; lastKnownFileType = sourcecode.c.h; path = CvvResult.h; sourceTree = "<group>"; };
		1D976C350F3ECB5B00E77C6D /* CvvResult.m */ = {isa = PBXFileReference; fileEncoding = 4; lastKnownFileType = sourcecode.c.objc; path = CvvResult.m; sourceTree = "<group>"; };
		1D976CE30F3ED10E00E77C6D /* Gateway.h */ = {isa = PBXFileReference; fileEncoding = 4; lastKnownFileType = sourcecode.c.h; path = Gateway.h; sourceTree = "<group>"; };
		1D976CE40F3ED10E00E77C6D /* Gateway.m */ = {isa = PBXFileReference; fileEncoding = 4; lastKnownFileType = sourcecode.c.objc; path = Gateway.m; sourceTree = "<group>"; };
		1D976D860F3EEED700E77C6D /* README.textile */ = {isa = PBXFileReference; fileEncoding = 4; lastKnownFileType = text; path = README.textile; sourceTree = "<group>"; };
		1D976EA30F3F5DF600E77C6D /* NSArrayAdditions.h */ = {isa = PBXFileReference; fileEncoding = 4; lastKnownFileType = sourcecode.c.h; path = NSArrayAdditions.h; sourceTree = "<group>"; };
		1D976EA40F3F5DF600E77C6D /* NSArrayAdditions.m */ = {isa = PBXFileReference; fileEncoding = 4; lastKnownFileType = sourcecode.c.objc; path = NSArrayAdditions.m; sourceTree = "<group>"; };
		1D976EA50F3F5DF600E77C6D /* NSStringAdditions.h */ = {isa = PBXFileReference; fileEncoding = 4; lastKnownFileType = sourcecode.c.h; path = NSStringAdditions.h; sourceTree = "<group>"; };
		1D976EA60F3F5DF600E77C6D /* NSStringAdditions.m */ = {isa = PBXFileReference; fileEncoding = 4; lastKnownFileType = sourcecode.c.objc; path = NSStringAdditions.m; sourceTree = "<group>"; };
		1D976EA80F3F5DF600E77C6D /* RequiresParameters.h */ = {isa = PBXFileReference; fileEncoding = 4; lastKnownFileType = sourcecode.c.h; path = RequiresParameters.h; sourceTree = "<group>"; };
		1D976EA90F3F5DF600E77C6D /* RequiresParameters_Implementation.h */ = {isa = PBXFileReference; fileEncoding = 4; lastKnownFileType = sourcecode.c.h; path = RequiresParameters_Implementation.h; sourceTree = "<group>"; };
		1D976EAA0F3F5DF600E77C6D /* Validatable.h */ = {isa = PBXFileReference; fileEncoding = 4; lastKnownFileType = sourcecode.c.h; path = Validatable.h; sourceTree = "<group>"; };
		1D976EAB0F3F5DF600E77C6D /* Validatable_Definitions.h */ = {isa = PBXFileReference; fileEncoding = 4; lastKnownFileType = sourcecode.c.h; path = Validatable_Definitions.h; sourceTree = "<group>"; };
		1D976EAC0F3F5DF600E77C6D /* Validatable_Implementation.h */ = {isa = PBXFileReference; fileEncoding = 4; lastKnownFileType = sourcecode.c.h; path = Validatable_Implementation.h; sourceTree = "<group>"; };
		1D976EAE0F3F5DF600E77C6D /* RegexKitLite.h */ = {isa = PBXFileReference; fileEncoding = 4; lastKnownFileType = sourcecode.c.h; path = RegexKitLite.h; sourceTree = "<group>"; };
		1D976EAF0F3F5DF600E77C6D /* RegexKitLite.m */ = {isa = PBXFileReference; fileEncoding = 4; lastKnownFileType = sourcecode.c.objc; path = RegexKitLite.m; sourceTree = "<group>"; };
		1D976EB00F3F5DF600E77C6D /* VarArgsHelper.h */ = {isa = PBXFileReference; fileEncoding = 4; lastKnownFileType = sourcecode.c.h; path = VarArgsHelper.h; sourceTree = "<group>"; };
		1D976EB10F3F5DF600E77C6D /* VarArgsHelper.m */ = {isa = PBXFileReference; fileEncoding = 4; lastKnownFileType = sourcecode.c.objc; path = VarArgsHelper.m; sourceTree = "<group>"; };
		1D976EC90F3F642300E77C6D /* CreditCardFormatting.h */ = {isa = PBXFileReference; fileEncoding = 4; lastKnownFileType = sourcecode.c.h; path = CreditCardFormatting.h; sourceTree = "<group>"; };
		1D976ECD0F3F645600E77C6D /* CreditCardFormatting_Implementation.h */ = {isa = PBXFileReference; fileEncoding = 4; lastKnownFileType = sourcecode.c.h; path = CreditCardFormatting_Implementation.h; sourceTree = "<group>"; };
		1D976EEA0F3F6B3900E77C6D /* Utils.h */ = {isa = PBXFileReference; fileEncoding = 4; lastKnownFileType = sourcecode.c.h; path = Utils.h; sourceTree = "<group>"; };
		1D976EEB0F3F6B3900E77C6D /* Utils_Implementation.h */ = {isa = PBXFileReference; fileEncoding = 4; lastKnownFileType = sourcecode.c.h; path = Utils_Implementation.h; sourceTree = "<group>"; };
		1D976F020F3F75A800E77C6D /* NSDataAdditions.h */ = {isa = PBXFileReference; fileEncoding = 4; lastKnownFileType = sourcecode.c.h; path = NSDataAdditions.h; sourceTree = "<group>"; };
		1D976F030F3F75A800E77C6D /* NSDataAdditions.m */ = {isa = PBXFileReference; fileEncoding = 4; lastKnownFileType = sourcecode.c.objc; path = NSDataAdditions.m; sourceTree = "<group>"; };
		1DEBCBF00F3E2FCE00AA742F /* objective_merchant_tests-Info.plist */ = {isa = PBXFileReference; lastKnownFileType = text.plist.xml; path = "objective_merchant_tests-Info.plist"; sourceTree = "<group>"; };
		1DEBCC350F3E32F600AA742F /* objective_merchant_tests.octest */ = {isa = PBXFileReference; explicitFileType = wrapper.cfbundle; includeInIndex = 0; path = objective_merchant_tests.octest; sourceTree = BUILT_PRODUCTS_DIR; };
		1DEBCC3E0F3E330E00AA742F /* MyFirstTest.h */ = {isa = PBXFileReference; fileEncoding = 4; lastKnownFileType = sourcecode.c.h; path = MyFirstTest.h; sourceTree = "<group>"; };
		1DEBCC3F0F3E330E00AA742F /* MyFirstTest.m */ = {isa = PBXFileReference; fileEncoding = 4; lastKnownFileType = sourcecode.c.objc; path = MyFirstTest.m; sourceTree = "<group>"; };
		1DEBCCE60F3E40ED00AA742F /* AvsResult.h */ = {isa = PBXFileReference; fileEncoding = 4; lastKnownFileType = sourcecode.c.h; path = AvsResult.h; sourceTree = "<group>"; };
		1DEBCCE70F3E40ED00AA742F /* AvsResult.m */ = {isa = PBXFileReference; fileEncoding = 4; lastKnownFileType = sourcecode.c.objc; path = AvsResult.m; sourceTree = "<group>"; };
		32DBCF5E0370ADEE00C91783 /* objective_merchant_Prefix.pch */ = {isa = PBXFileReference; fileEncoding = 4; lastKnownFileType = sourcecode.c.h; path = objective_merchant_Prefix.pch; sourceTree = "<group>"; };
		8DC2EF5A0486A6940098B216 /* Info.plist */ = {isa = PBXFileReference; fileEncoding = 4; lastKnownFileType = text.plist.xml; path = Info.plist; sourceTree = "<group>"; };
		8DC2EF5B0486A6940098B216 /* objective_merchant.framework */ = {isa = PBXFileReference; explicitFileType = wrapper.framework; includeInIndex = 0; path = objective_merchant.framework; sourceTree = BUILT_PRODUCTS_DIR; };
		D2F7E79907B2D74100F64583 /* CoreData.framework */ = {isa = PBXFileReference; lastKnownFileType = wrapper.framework; name = CoreData.framework; path = /System/Library/Frameworks/CoreData.framework; sourceTree = "<absolute>"; };
/* End PBXFileReference section */

/* Begin PBXFrameworksBuildPhase section */
		1DEBCC320F3E32F600AA742F /* Frameworks */ = {
			isa = PBXFrameworksBuildPhase;
			buildActionMask = 2147483647;
			files = (
			);
			runOnlyForDeploymentPostprocessing = 0;
		};
		8DC2EF560486A6940098B216 /* Frameworks */ = {
			isa = PBXFrameworksBuildPhase;
			buildActionMask = 2147483647;
			files = (
				8DC2EF570486A6940098B216 /* Cocoa.framework in Frameworks */,
				1D976C320F3ECA0700E77C6D /* libicucore.dylib in Frameworks */,
			);
			runOnlyForDeploymentPostprocessing = 0;
		};
/* End PBXFrameworksBuildPhase section */

/* Begin PBXGroup section */
		034768DFFF38A50411DB9C8B /* Products */ = {
			isa = PBXGroup;
			children = (
				8DC2EF5B0486A6940098B216 /* objective_merchant.framework */,
				1DEBCC350F3E32F600AA742F /* objective_merchant_tests.octest */,
			);
			name = Products;
			sourceTree = "<group>";
		};
		0867D691FE84028FC02AAC07 /* objective_merchant */ = {
			isa = PBXGroup;
			children = (
				1D976D860F3EEED700E77C6D /* README.textile */,
				1DEBCC200F3E329600AA742F /* Tests */,
				08FB77AEFE84172EC02AAC07 /* Classes */,
				32C88DFF0371C24200C91783 /* Other Sources */,
				089C1665FE841158C02AAC07 /* Resources */,
				0867D69AFE84028FC02AAC07 /* External Frameworks and Libraries */,
				034768DFFF38A50411DB9C8B /* Products */,
				1DEBCBF00F3E2FCE00AA742F /* objective_merchant_tests-Info.plist */,
			);
			name = objective_merchant;
			sourceTree = "<group>";
		};
		0867D69AFE84028FC02AAC07 /* External Frameworks and Libraries */ = {
			isa = PBXGroup;
			children = (
				1058C7B0FEA5585E11CA2CBB /* Linked Frameworks */,
				1058C7B2FEA5585E11CA2CBB /* Other Frameworks */,
			);
			name = "External Frameworks and Libraries";
			sourceTree = "<group>";
		};
		089C1665FE841158C02AAC07 /* Resources */ = {
			isa = PBXGroup;
			children = (
				8DC2EF5A0486A6940098B216 /* Info.plist */,
				089C1666FE841158C02AAC07 /* InfoPlist.strings */,
			);
			name = Resources;
			sourceTree = "<group>";
		};
		08FB77AEFE84172EC02AAC07 /* Classes */ = {
			isa = PBXGroup;
			children = (
				1D976EA20F3F5DF600E77C6D /* Additions */,
				1D976EA70F3F5DF600E77C6D /* Protocols */,
				1D976EAD0F3F5DF600E77C6D /* Utility */,
				1D4A0FA90F3E793000F61A30 /* Errors.h */,
				1D4A0FAA0F3E793000F61A30 /* Errors.m */,
				1DEBCCE20F3E40DF00AA742F /* ActiveMerchant */,
			);
			path = Classes;
			sourceTree = "<group>";
		};
		1058C7B0FEA5585E11CA2CBB /* Linked Frameworks */ = {
			isa = PBXGroup;
			children = (
				1D976C310F3ECA0700E77C6D /* libicucore.dylib */,
				1058C7B1FEA5585E11CA2CBB /* Cocoa.framework */,
			);
			name = "Linked Frameworks";
			sourceTree = "<group>";
		};
		1058C7B2FEA5585E11CA2CBB /* Other Frameworks */ = {
			isa = PBXGroup;
			children = (
				0867D6A5FE840307C02AAC07 /* AppKit.framework */,
				D2F7E79907B2D74100F64583 /* CoreData.framework */,
				0867D69BFE84028FC02AAC07 /* Foundation.framework */,
			);
			name = "Other Frameworks";
			sourceTree = "<group>";
		};
		1D976EA20F3F5DF600E77C6D /* Additions */ = {
			isa = PBXGroup;
			children = (
				1D976EA30F3F5DF600E77C6D /* NSArrayAdditions.h */,
				1D976EA40F3F5DF600E77C6D /* NSArrayAdditions.m */,
				1D976EA50F3F5DF600E77C6D /* NSStringAdditions.h */,
				1D976EA60F3F5DF600E77C6D /* NSStringAdditions.m */,
				1D976F020F3F75A800E77C6D /* NSDataAdditions.h */,
				1D976F030F3F75A800E77C6D /* NSDataAdditions.m */,
			);
			path = Additions;
			sourceTree = "<group>";
		};
		1D976EA70F3F5DF600E77C6D /* Protocols */ = {
			isa = PBXGroup;
			children = (
				1D976EEA0F3F6B3900E77C6D /* Utils.h */,
				1D976EEB0F3F6B3900E77C6D /* Utils_Implementation.h */,
				1D976EC90F3F642300E77C6D /* CreditCardFormatting.h */,
				1D976ECD0F3F645600E77C6D /* CreditCardFormatting_Implementation.h */,
				1D976EA80F3F5DF600E77C6D /* RequiresParameters.h */,
				1D976EA90F3F5DF600E77C6D /* RequiresParameters_Implementation.h */,
				1D976EAA0F3F5DF600E77C6D /* Validatable.h */,
				1D976EAB0F3F5DF600E77C6D /* Validatable_Definitions.h */,
				1D976EAC0F3F5DF600E77C6D /* Validatable_Implementation.h */,
				1D9060BC0F3F7F2C00C211A1 /* PostsData.h */,
				1D9060C00F3F7F4C00C211A1 /* PostsData_Implementation.h */,
			);
			path = Protocols;
			sourceTree = "<group>";
		};
		1D976EAD0F3F5DF600E77C6D /* Utility */ = {
			isa = PBXGroup;
			children = (
				1D976EAE0F3F5DF600E77C6D /* RegexKitLite.h */,
				1D976EAF0F3F5DF600E77C6D /* RegexKitLite.m */,
				1D976EB00F3F5DF600E77C6D /* VarArgsHelper.h */,
				1D976EB10F3F5DF600E77C6D /* VarArgsHelper.m */,
			);
			path = Utility;
			sourceTree = "<group>";
		};
		1DEBCC200F3E329600AA742F /* Tests */ = {
			isa = PBXGroup;
			children = (
				1DEBCC3E0F3E330E00AA742F /* MyFirstTest.h */,
				1DEBCC3F0F3E330E00AA742F /* MyFirstTest.m */,
			);
			path = Tests;
			sourceTree = "<group>";
		};
		1DEBCCE20F3E40DF00AA742F /* ActiveMerchant */ = {
			isa = PBXGroup;
			children = (
				1DEBCCE30F3E40DF00AA742F /* Billing */,
			);
			path = ActiveMerchant;
			sourceTree = "<group>";
		};
		1DEBCCE30F3E40DF00AA742F /* Billing */ = {
			isa = PBXGroup;
			children = (
				1DEBCCE60F3E40ED00AA742F /* AvsResult.h */,
				1DEBCCE70F3E40ED00AA742F /* AvsResult.m */,
				1D88195B0F3E5E0200E607CD /* Base.h */,
				1D88195C0F3E5E0200E607CD /* Base.m */,
				1D8819610F3E62C800E607CD /* Check.h */,
				1D8819620F3E62C800E607CD /* Check.m */,
				1D4A106B0F3E8AEF00F61A30 /* CreditCard.h */,
				1D4A106C0F3E8AEF00F61A30 /* CreditCard.m */,
				1D4A10F50F3EB1BD00F61A30 /* CreditCardMethods.h */,
				1D4A10F60F3EB1BD00F61A30 /* CreditCardMethods.m */,
				1D976B7D0F3EBCD900E77C6D /* ExpiryDate.h */,
				1D976B7E0F3EBCD900E77C6D /* ExpiryDate.m */,
				1D976C340F3ECB5B00E77C6D /* CvvResult.h */,
				1D976C350F3ECB5B00E77C6D /* CvvResult.m */,
				1D976CE30F3ED10E00E77C6D /* Gateway.h */,
				1D976CE40F3ED10E00E77C6D /* Gateway.m */,
			);
			path = Billing;
			sourceTree = "<group>";
		};
		32C88DFF0371C24200C91783 /* Other Sources */ = {
			isa = PBXGroup;
			children = (
				32DBCF5E0370ADEE00C91783 /* objective_merchant_Prefix.pch */,
			);
			name = "Other Sources";
			sourceTree = "<group>";
		};
/* End PBXGroup section */

/* Begin PBXHeadersBuildPhase section */
		8DC2EF500486A6940098B216 /* Headers */ = {
			isa = PBXHeadersBuildPhase;
			buildActionMask = 2147483647;
			files = (
				1DEBCCE80F3E40ED00AA742F /* AvsResult.h in Headers */,
				1D88195D0F3E5E0200E607CD /* Base.h in Headers */,
				1D8819630F3E62C800E607CD /* Check.h in Headers */,
				1D4A0FAC0F3E793000F61A30 /* Errors.h in Headers */,
				1D4A106D0F3E8AEF00F61A30 /* CreditCard.h in Headers */,
				1D4A10F70F3EB1BD00F61A30 /* CreditCardMethods.h in Headers */,
				1D976B7F0F3EBCD900E77C6D /* ExpiryDate.h in Headers */,
				1D976C360F3ECB5B00E77C6D /* CvvResult.h in Headers */,
				1D976CE50F3ED10E00E77C6D /* Gateway.h in Headers */,
				1D976EB20F3F5DF600E77C6D /* NSArrayAdditions.h in Headers */,
				1D976EB40F3F5DF600E77C6D /* NSStringAdditions.h in Headers */,
				1D976EB60F3F5DF600E77C6D /* RequiresParameters.h in Headers */,
				1D976EB70F3F5DF600E77C6D /* RequiresParameters_Implementation.h in Headers */,
				1D976EB80F3F5DF600E77C6D /* Validatable.h in Headers */,
				1D976EB90F3F5DF600E77C6D /* Validatable_Definitions.h in Headers */,
				1D976EBA0F3F5DF600E77C6D /* Validatable_Implementation.h in Headers */,
				1D976EBB0F3F5DF600E77C6D /* RegexKitLite.h in Headers */,
				1D976EBD0F3F5DF600E77C6D /* VarArgsHelper.h in Headers */,
				1D976ECB0F3F642300E77C6D /* CreditCardFormatting.h in Headers */,
				1D976ECE0F3F645600E77C6D /* CreditCardFormatting_Implementation.h in Headers */,
				1D976EEC0F3F6B3900E77C6D /* Utils.h in Headers */,
				1D976EED0F3F6B3900E77C6D /* Utils_Implementation.h in Headers */,
				1D976F040F3F75A800E77C6D /* NSDataAdditions.h in Headers */,
				1D9060BE0F3F7F2C00C211A1 /* PostsData.h in Headers */,
				1D9060C10F3F7F4C00C211A1 /* PostsData_Implementation.h in Headers */,
			);
			runOnlyForDeploymentPostprocessing = 0;
		};
/* End PBXHeadersBuildPhase section */

/* Begin PBXNativeTarget section */
		1DEBCC340F3E32F600AA742F /* objective_merchant_tests */ = {
			isa = PBXNativeTarget;
			buildConfigurationList = 1DEBCC410F3E330E00AA742F /* Build configuration list for PBXNativeTarget "objective_merchant_tests" */;
			buildPhases = (
				1DEBCC300F3E32F600AA742F /* Resources */,
				1DEBCC310F3E32F600AA742F /* Sources */,
				1DEBCC320F3E32F600AA742F /* Frameworks */,
				1DEBCC330F3E32F600AA742F /* ShellScript */,
			);
			buildRules = (
			);
			dependencies = (
				1DEBCC3B0F3E32FB00AA742F /* PBXTargetDependency */,
			);
			name = objective_merchant_tests;
			productName = objective_merchant_tests;
			productReference = 1DEBCC350F3E32F600AA742F /* objective_merchant_tests.octest */;
			productType = "com.apple.product-type.bundle";
		};
		8DC2EF4F0486A6940098B216 /* objective_merchant */ = {
			isa = PBXNativeTarget;
			buildConfigurationList = 1DEB91AD08733DA50010E9CD /* Build configuration list for PBXNativeTarget "objective_merchant" */;
			buildPhases = (
				8DC2EF500486A6940098B216 /* Headers */,
				8DC2EF520486A6940098B216 /* Resources */,
				8DC2EF540486A6940098B216 /* Sources */,
				8DC2EF560486A6940098B216 /* Frameworks */,
			);
			buildRules = (
			);
			dependencies = (
			);
			name = objective_merchant;
			productInstallPath = "$(HOME)/Library/Frameworks";
			productName = objective_merchant;
			productReference = 8DC2EF5B0486A6940098B216 /* objective_merchant.framework */;
			productType = "com.apple.product-type.framework";
		};
/* End PBXNativeTarget section */

/* Begin PBXProject section */
		0867D690FE84028FC02AAC07 /* Project object */ = {
			isa = PBXProject;
			buildConfigurationList = 1DEB91B108733DA50010E9CD /* Build configuration list for PBXProject "objective_merchant" */;
			compatibilityVersion = "Xcode 3.1";
			hasScannedForEncodings = 1;
			mainGroup = 0867D691FE84028FC02AAC07 /* objective_merchant */;
			productRefGroup = 034768DFFF38A50411DB9C8B /* Products */;
			projectDirPath = "";
			projectRoot = "";
			targets = (
				8DC2EF4F0486A6940098B216 /* objective_merchant */,
				1DEBCC340F3E32F600AA742F /* objective_merchant_tests */,
			);
		};
/* End PBXProject section */

/* Begin PBXResourcesBuildPhase section */
		1DEBCC300F3E32F600AA742F /* Resources */ = {
			isa = PBXResourcesBuildPhase;
			buildActionMask = 2147483647;
			files = (
			);
			runOnlyForDeploymentPostprocessing = 0;
		};
		8DC2EF520486A6940098B216 /* Resources */ = {
			isa = PBXResourcesBuildPhase;
			buildActionMask = 2147483647;
			files = (
				8DC2EF530486A6940098B216 /* InfoPlist.strings in Resources */,
			);
			runOnlyForDeploymentPostprocessing = 0;
		};
/* End PBXResourcesBuildPhase section */

/* Begin PBXShellScriptBuildPhase section */
		1DEBCC330F3E32F600AA742F /* ShellScript */ = {
			isa = PBXShellScriptBuildPhase;
			buildActionMask = 2147483647;
			files = (
			);
			inputPaths = (
			);
			outputPaths = (
			);
			runOnlyForDeploymentPostprocessing = 0;
			shellPath = /bin/sh;
			shellScript = "# Run the unit tests in this test bundle.\n\"${SYSTEM_DEVELOPER_DIR}/Tools/RunUnitTests\"\n";
		};
/* End PBXShellScriptBuildPhase section */

/* Begin PBXSourcesBuildPhase section */
		1DEBCC310F3E32F600AA742F /* Sources */ = {
			isa = PBXSourcesBuildPhase;
			buildActionMask = 2147483647;
			files = (
				1DEBCC400F3E330E00AA742F /* MyFirstTest.m in Sources */,
			);
			runOnlyForDeploymentPostprocessing = 0;
		};
		8DC2EF540486A6940098B216 /* Sources */ = {
			isa = PBXSourcesBuildPhase;
			buildActionMask = 2147483647;
			files = (
				1DEBCCE90F3E40ED00AA742F /* AvsResult.m in Sources */,
				1D88195E0F3E5E0200E607CD /* Base.m in Sources */,
				1D8819640F3E62C800E607CD /* Check.m in Sources */,
				1D4A0FAD0F3E793000F61A30 /* Errors.m in Sources */,
				1D4A106E0F3E8AEF00F61A30 /* CreditCard.m in Sources */,
				1D4A10F80F3EB1BD00F61A30 /* CreditCardMethods.m in Sources */,
				1D976B800F3EBCD900E77C6D /* ExpiryDate.m in Sources */,
				1D976C370F3ECB5B00E77C6D /* CvvResult.m in Sources */,
				1D976CE60F3ED10E00E77C6D /* Gateway.m in Sources */,
				1D976EB30F3F5DF600E77C6D /* NSArrayAdditions.m in Sources */,
				1D976EB50F3F5DF600E77C6D /* NSStringAdditions.m in Sources */,
				1D976EBC0F3F5DF600E77C6D /* RegexKitLite.m in Sources */,
				1D976EBE0F3F5DF600E77C6D /* VarArgsHelper.m in Sources */,
				1D976F050F3F75A800E77C6D /* NSDataAdditions.m in Sources */,
			);
			runOnlyForDeploymentPostprocessing = 0;
		};
/* End PBXSourcesBuildPhase section */

/* Begin PBXTargetDependency section */
		1DEBCC3B0F3E32FB00AA742F /* PBXTargetDependency */ = {
			isa = PBXTargetDependency;
			target = 8DC2EF4F0486A6940098B216 /* objective_merchant */;
			targetProxy = 1DEBCC3A0F3E32FB00AA742F /* PBXContainerItemProxy */;
		};
/* End PBXTargetDependency section */

/* Begin PBXVariantGroup section */
		089C1666FE841158C02AAC07 /* InfoPlist.strings */ = {
			isa = PBXVariantGroup;
			children = (
				089C1667FE841158C02AAC07 /* English */,
			);
			name = InfoPlist.strings;
			sourceTree = "<group>";
		};
/* End PBXVariantGroup section */

/* Begin XCBuildConfiguration section */
		1DEB91AE08733DA50010E9CD /* Debug */ = {
			isa = XCBuildConfiguration;
			buildSettings = {
				ALWAYS_SEARCH_USER_PATHS = NO;
				COPY_PHASE_STRIP = NO;
				DYLIB_COMPATIBILITY_VERSION = 1;
				DYLIB_CURRENT_VERSION = 1;
				FRAMEWORK_VERSION = A;
				GCC_DYNAMIC_NO_PIC = NO;
				GCC_ENABLE_FIX_AND_CONTINUE = YES;
				GCC_MODEL_TUNING = G5;
				GCC_OPTIMIZATION_LEVEL = 0;
				GCC_PRECOMPILE_PREFIX_HEADER = YES;
				GCC_PREFIX_HEADER = objective_merchant_Prefix.pch;
				INFOPLIST_FILE = Info.plist;
				INSTALL_PATH = "$(HOME)/Library/Frameworks";
				PRODUCT_NAME = objective_merchant;
				WRAPPER_EXTENSION = framework;
			};
			name = Debug;
		};
		1DEB91AF08733DA50010E9CD /* Release */ = {
			isa = XCBuildConfiguration;
			buildSettings = {
				ALWAYS_SEARCH_USER_PATHS = NO;
				DEBUG_INFORMATION_FORMAT = "dwarf-with-dsym";
				DYLIB_COMPATIBILITY_VERSION = 1;
				DYLIB_CURRENT_VERSION = 1;
				FRAMEWORK_VERSION = A;
				GCC_MODEL_TUNING = G5;
				GCC_PRECOMPILE_PREFIX_HEADER = YES;
				GCC_PREFIX_HEADER = objective_merchant_Prefix.pch;
				INFOPLIST_FILE = Info.plist;
				INSTALL_PATH = "$(HOME)/Library/Frameworks";
				PRODUCT_NAME = objective_merchant;
				WRAPPER_EXTENSION = framework;
			};
			name = Release;
		};
		1DEB91B208733DA50010E9CD /* Debug */ = {
			isa = XCBuildConfiguration;
			buildSettings = {
				ARCHS = "$(ARCHS_STANDARD_32_BIT)";
				GCC_C_LANGUAGE_STANDARD = c99;
				GCC_OPTIMIZATION_LEVEL = 0;
				GCC_WARN_ABOUT_RETURN_TYPE = YES;
				GCC_WARN_UNUSED_VARIABLE = YES;
				ONLY_ACTIVE_ARCH = YES;
				PREBINDING = NO;
				SDKROOT = macosx10.5;
			};
			name = Debug;
		};
		1DEB91B308733DA50010E9CD /* Release */ = {
			isa = XCBuildConfiguration;
			buildSettings = {
				ARCHS = "$(ARCHS_STANDARD_32_BIT)";
				GCC_C_LANGUAGE_STANDARD = c99;
				GCC_WARN_ABOUT_RETURN_TYPE = YES;
				GCC_WARN_UNUSED_VARIABLE = YES;
				PREBINDING = NO;
				SDKROOT = macosx10.5;
			};
			name = Release;
		};
		1DEBCC380F3E32F700AA742F /* Debug */ = {
			isa = XCBuildConfiguration;
			buildSettings = {
				ALWAYS_SEARCH_USER_PATHS = NO;
				COPY_PHASE_STRIP = NO;
				FRAMEWORK_SEARCH_PATHS = "$(DEVELOPER_LIBRARY_DIR)/Frameworks";
				GCC_DYNAMIC_NO_PIC = NO;
				GCC_ENABLE_FIX_AND_CONTINUE = NO;
				GCC_ENABLE_OBJC_EXCEPTIONS = YES;
				GCC_MODEL_TUNING = G5;
				GCC_OPTIMIZATION_LEVEL = 0;
				GCC_PRECOMPILE_PREFIX_HEADER = YES;
				GCC_PREFIX_HEADER = "$(SYSTEM_LIBRARY_DIR)/Frameworks/Cocoa.framework/Headers/Cocoa.h";
				INFOPLIST_FILE = "objective_merchant_tests-Info.plist";
				INSTALL_PATH = "$(USER_LIBRARY_DIR)/Bundles";
				OTHER_LDFLAGS = (
					"-framework",
					Cocoa,
					"-framework",
					SenTestingKit,
				);
				PREBINDING = NO;
				PRODUCT_NAME = objective_merchant_tests;
				WRAPPER_EXTENSION = octest;
			};
			name = Debug;
		};
		1DEBCC390F3E32F700AA742F /* Release */ = {
			isa = XCBuildConfiguration;
			buildSettings = {
				ALWAYS_SEARCH_USER_PATHS = NO;
				COPY_PHASE_STRIP = YES;
				DEBUG_INFORMATION_FORMAT = "dwarf-with-dsym";
				FRAMEWORK_SEARCH_PATHS = "$(DEVELOPER_LIBRARY_DIR)/Frameworks";
				GCC_ENABLE_FIX_AND_CONTINUE = NO;
				GCC_ENABLE_OBJC_EXCEPTIONS = YES;
				GCC_MODEL_TUNING = G5;
				GCC_PRECOMPILE_PREFIX_HEADER = YES;
				GCC_PREFIX_HEADER = "$(SYSTEM_LIBRARY_DIR)/Frameworks/Cocoa.framework/Headers/Cocoa.h";
				INFOPLIST_FILE = "objective_merchant_tests-Info.plist";
				INSTALL_PATH = "$(USER_LIBRARY_DIR)/Bundles";
				OTHER_LDFLAGS = (
					"-framework",
					Cocoa,
					"-framework",
					SenTestingKit,
				);
				PREBINDING = NO;
				PRODUCT_NAME = objective_merchant_tests;
				WRAPPER_EXTENSION = octest;
				ZERO_LINK = NO;
			};
			name = Release;
		};
/* End XCBuildConfiguration section */

/* Begin XCConfigurationList section */
		1DEB91AD08733DA50010E9CD /* Build configuration list for PBXNativeTarget "objective_merchant" */ = {
			isa = XCConfigurationList;
			buildConfigurations = (
				1DEB91AE08733DA50010E9CD /* Debug */,
				1DEB91AF08733DA50010E9CD /* Release */,
			);
			defaultConfigurationIsVisible = 0;
			defaultConfigurationName = Release;
		};
		1DEB91B108733DA50010E9CD /* Build configuration list for PBXProject "objective_merchant" */ = {
			isa = XCConfigurationList;
			buildConfigurations = (
				1DEB91B208733DA50010E9CD /* Debug */,
				1DEB91B308733DA50010E9CD /* Release */,
			);
			defaultConfigurationIsVisible = 0;
			defaultConfigurationName = Release;
		};
		1DEBCC410F3E330E00AA742F /* Build configuration list for PBXNativeTarget "objective_merchant_tests" */ = {
			isa = XCConfigurationList;
			buildConfigurations = (
				1DEBCC380F3E32F700AA742F /* Debug */,
				1DEBCC390F3E32F700AA742F /* Release */,
			);
			defaultConfigurationIsVisible = 0;
			defaultConfigurationName = Release;
		};
/* End XCConfigurationList section */
	};
	rootObject = 0867D690FE84028FC02AAC07 /* Project object */;
}
